
Microsoft Visual Studio Solution File, Format Version 12.00
# Visual Studio 2012
Project("{FAE04EC0-301F-11D3-BF4B-00C04F79EFBC}") = "LocalAPK", "LocalAPK\LocalAPK.csproj", "{6CD18883-7DC3-4FD2-8D4C-E6FC9192B4B7}"
EndProject
Project("{FAE04EC0-301F-11D3-BF4B-00C04F79EFBC}") = "LocalAPK.ShellExt", "LocalAPKShellExt\LocalAPK.ShellExt.csproj", "{786B71AE-8AC5-4675-8692-360D4ECAE7AF}"
EndProject
Project("{FAE04EC0-301F-11D3-BF4B-00C04F79EFBC}") = "LocalAPK.Data", "LocalAPK.Data\LocalAPK.Data.csproj", "{FFC6EEE6-DAF7-44D4-91D1-778A8FEBCDEB}"
EndProject
Project("{FAE04EC0-301F-11D3-BF4B-00C04F79EFBC}") = "LocalAPK.DA", "LocalAPK.DA\LocalAPK.DA.csproj", "{0FAEC798-A484-42DD-92D6-DD32074AA1D9}"
EndProject
Project("{FAE04EC0-301F-11D3-BF4B-00C04F79EFBC}") = "LocalAPK.SharedResources", "LocalAPK.SharedResources\LocalAPK.SharedResources.csproj", "{A49EED24-D859-4C7E-A3AB-152AD3DF90DF}"
EndProject
Project("{FAE04EC0-301F-11D3-BF4B-00C04F79EFBC}") = "LocalAPK.QR", "LocalAPK.QR\LocalAPK.QR.csproj", "{8749984F-283C-4848-B319-0410EEB8F2BA}"
EndProject
Global
	GlobalSection(SolutionConfigurationPlatforms) = preSolution
		Debug|x64 = Debug|x64
		Debug|x86 = Debug|x86
		Release|x64 = Release|x64
		Release|x86 = Release|x86
	EndGlobalSection
	GlobalSection(ProjectConfigurationPlatforms) = postSolution
		{6CD18883-7DC3-4FD2-8D4C-E6FC9192B4B7}.Debug|x64.ActiveCfg = Debug|x64
		{6CD18883-7DC3-4FD2-8D4C-E6FC9192B4B7}.Debug|x64.Build.0 = Debug|x64
		{6CD18883-7DC3-4FD2-8D4C-E6FC9192B4B7}.Debug|x86.ActiveCfg = Debug|x86
		{6CD18883-7DC3-4FD2-8D4C-E6FC9192B4B7}.Debug|x86.Build.0 = Debug|x86
		{6CD18883-7DC3-4FD2-8D4C-E6FC9192B4B7}.Release|x64.ActiveCfg = Release|x64
		{6CD18883-7DC3-4FD2-8D4C-E6FC9192B4B7}.Release|x64.Build.0 = Release|x64
		{6CD18883-7DC3-4FD2-8D4C-E6FC9192B4B7}.Release|x86.ActiveCfg = Release|x86
		{6CD18883-7DC3-4FD2-8D4C-E6FC9192B4B7}.Release|x86.Build.0 = Release|x86
		{786B71AE-8AC5-4675-8692-360D4ECAE7AF}.Debug|x64.ActiveCfg = Debug|x64
		{786B71AE-8AC5-4675-8692-360D4ECAE7AF}.Debug|x64.Build.0 = Debug|x64
		{786B71AE-8AC5-4675-8692-360D4ECAE7AF}.Debug|x86.ActiveCfg = Debug|x86
		{786B71AE-8AC5-4675-8692-360D4ECAE7AF}.Debug|x86.Build.0 = Debug|x86
		{786B71AE-8AC5-4675-8692-360D4ECAE7AF}.Release|x64.ActiveCfg = Release|x64
		{786B71AE-8AC5-4675-8692-360D4ECAE7AF}.Release|x64.Build.0 = Release|x64
		{786B71AE-8AC5-4675-8692-360D4ECAE7AF}.Release|x86.ActiveCfg = Release|x86
		{786B71AE-8AC5-4675-8692-360D4ECAE7AF}.Release|x86.Build.0 = Release|x86
		{FFC6EEE6-DAF7-44D4-91D1-778A8FEBCDEB}.Debug|x64.ActiveCfg = Debug|x64
		{FFC6EEE6-DAF7-44D4-91D1-778A8FEBCDEB}.Debug|x64.Build.0 = Debug|x64
		{FFC6EEE6-DAF7-44D4-91D1-778A8FEBCDEB}.Debug|x86.ActiveCfg = Debug|x86
		{FFC6EEE6-DAF7-44D4-91D1-778A8FEBCDEB}.Debug|x86.Build.0 = Debug|x86
		{FFC6EEE6-DAF7-44D4-91D1-778A8FEBCDEB}.Release|x64.ActiveCfg = Release|x64
		{FFC6EEE6-DAF7-44D4-91D1-778A8FEBCDEB}.Release|x64.Build.0 = Release|x64
		{FFC6EEE6-DAF7-44D4-91D1-778A8FEBCDEB}.Release|x86.ActiveCfg = Release|x86
		{FFC6EEE6-DAF7-44D4-91D1-778A8FEBCDEB}.Release|x86.Build.0 = Release|x86
		{0FAEC798-A484-42DD-92D6-DD32074AA1D9}.Debug|x64.ActiveCfg = Debug|x64
		{0FAEC798-A484-42DD-92D6-DD32074AA1D9}.Debug|x64.Build.0 = Debug|x64
		{0FAEC798-A484-42DD-92D6-DD32074AA1D9}.Debug|x86.ActiveCfg = Debug|x86
		{0FAEC798-A484-42DD-92D6-DD32074AA1D9}.Debug|x86.Build.0 = Debug|x86
		{0FAEC798-A484-42DD-92D6-DD32074AA1D9}.Release|x64.ActiveCfg = Release|x64
		{0FAEC798-A484-42DD-92D6-DD32074AA1D9}.Release|x64.Build.0 = Release|x64
		{0FAEC798-A484-42DD-92D6-DD32074AA1D9}.Release|x86.ActiveCfg = Release|x86
		{0FAEC798-A484-42DD-92D6-DD32074AA1D9}.Release|x86.Build.0 = Release|x86
		{A49EED24-D859-4C7E-A3AB-152AD3DF90DF}.Debug|x64.ActiveCfg = Debug|x64
		{A49EED24-D859-4C7E-A3AB-152AD3DF90DF}.Debug|x64.Build.0 = Debug|x64
		{A49EED24-D859-4C7E-A3AB-152AD3DF90DF}.Debug|x86.ActiveCfg = Debug|x86
		{A49EED24-D859-4C7E-A3AB-152AD3DF90DF}.Debug|x86.Build.0 = Debug|x86
		{A49EED24-D859-4C7E-A3AB-152AD3DF90DF}.Release|x64.ActiveCfg = Release|x64
		{A49EED24-D859-4C7E-A3AB-152AD3DF90DF}.Release|x64.Build.0 = Release|x64
		{A49EED24-D859-4C7E-A3AB-152AD3DF90DF}.Release|x86.ActiveCfg = Release|x86
		{A49EED24-D859-4C7E-A3AB-152AD3DF90DF}.Release|x86.Build.0 = Release|x86
		{8749984F-283C-4848-B319-0410EEB8F2BA}.Debug|x64.ActiveCfg = Debug|x64
		{8749984F-283C-4848-B319-0410EEB8F2BA}.Debug|x64.Build.0 = Debug|x64
		{8749984F-283C-4848-B319-0410EEB8F2BA}.Debug|x86.ActiveCfg = Debug|x86
		{8749984F-283C-4848-B319-0410EEB8F2BA}.Debug|x86.Build.0 = Debug|x86
		{8749984F-283C-4848-B319-0410EEB8F2BA}.Release|x64.ActiveCfg = Release|x64
		{8749984F-283C-4848-B319-0410EEB8F2BA}.Release|x64.Build.0 = Release|x64
		{8749984F-283C-4848-B319-0410EEB8F2BA}.Release|x86.ActiveCfg = Release|x86
		{8749984F-283C-4848-B319-0410EEB8F2BA}.Release|x86.Build.0 = Release|x86
	EndGlobalSection
	GlobalSection(SolutionProperties) = preSolution
		HideSolutionNode = FALSE
	EndGlobalSection
EndGlobal
